
Microsoft Visual Studio Solution File, Format Version 12.00
# Visual Studio Version 17
VisualStudioVersion = 17.11.35327.3
MinimumVisualStudioVersion = 10.0.40219.1
Project("{FAE04EC0-301F-11D3-BF4B-00C04F79EFBC}") = "dicdesenvol", "dicdesenvol.csproj", "{FAAC899B-5348-44D3-A9A0-22A535BFF6EB}"
EndProject
Global
	GlobalSection(SolutionConfigurationPlatforms) = preSolution
		Debug|Any CPU = Debug|Any CPU
		Release|Any CPU = Release|Any CPU
	EndGlobalSection
	GlobalSection(ProjectConfigurationPlatforms) = postSolution
		{FAAC899B-5348-44D3-A9A0-22A535BFF6EB}.Debug|Any CPU.ActiveCfg = Debug|Any CPU
		{FAAC899B-5348-44D3-A9A0-22A535BFF6EB}.Debug|Any CPU.Build.0 = Debug|Any CPU
		{FAAC899B-5348-44D3-A9A0-22A535BFF6EB}.Release|Any CPU.ActiveCfg = Release|Any CPU
		{FAAC899B-5348-44D3-A9A0-22A535BFF6EB}.Release|Any CPU.Build.0 = Release|Any CPU
	EndGlobalSection
	GlobalSection(SolutionProperties) = preSolution
		HideSolutionNode = FALSE
	EndGlobalSection
	GlobalSection(ExtensibilityGlobals) = postSolution
		SolutionGuid = {DA6F7E19-E040-47D7-B16E-AF2E113A4392}
	EndGlobalSection
EndGlobal
